
Microsoft Visual Studio Solution File, Format Version 12.00
# Visual Studio Version 17
VisualStudioVersion = 17.7.34031.279
MinimumVisualStudioVersion = 10.0.40219.1
Project("{9A19103F-16F7-4668-BE54-9A1E7A4F7556}") = "NutritionDataService", "NutritionDataService\NutritionDataService.csproj", "{D7E53CE7-7A41-45BB-A2B1-639F52F7E22E}"
EndProject
Project("{FAE04EC0-301F-11D3-BF4B-00C04F79EFBC}") = "NutritionDataApi", "NutritionDataApi\NutritionDataApi.csproj", "{34F12D3A-871B-4F4B-935D-726FC61BA5B6}"
EndProject
Global
	GlobalSection(SolutionConfigurationPlatforms) = preSolution
		Debug|Any CPU = Debug|Any CPU
		Release|Any CPU = Release|Any CPU
	EndGlobalSection
	GlobalSection(ProjectConfigurationPlatforms) = postSolution
		{D7E53CE7-7A41-45BB-A2B1-639F52F7E22E}.Debug|Any CPU.ActiveCfg = Debug|Any CPU
		{D7E53CE7-7A41-45BB-A2B1-639F52F7E22E}.Debug|Any CPU.Build.0 = Debug|Any CPU
		{D7E53CE7-7A41-45BB-A2B1-639F52F7E22E}.Release|Any CPU.ActiveCfg = Release|Any CPU
		{D7E53CE7-7A41-45BB-A2B1-639F52F7E22E}.Release|Any CPU.Build.0 = Release|Any CPU
		{34F12D3A-871B-4F4B-935D-726FC61BA5B6}.Debug|Any CPU.ActiveCfg = Debug|Any CPU
		{34F12D3A-871B-4F4B-935D-726FC61BA5B6}.Debug|Any CPU.Build.0 = Debug|Any CPU
		{34F12D3A-871B-4F4B-935D-726FC61BA5B6}.Release|Any CPU.ActiveCfg = Release|Any CPU
		{34F12D3A-871B-4F4B-935D-726FC61BA5B6}.Release|Any CPU.Build.0 = Release|Any CPU
	EndGlobalSection
	GlobalSection(SolutionProperties) = preSolution
		HideSolutionNode = FALSE
	EndGlobalSection
	GlobalSection(ExtensibilityGlobals) = postSolution
		SolutionGuid = {819679A1-8717-460F-973B-102E7D967E96}
	EndGlobalSection
EndGlobal
